{
  "name": "Test",
  "lockfileVersion": 3,
  "requires": true,
  "packages": {
    "": {
      "dependencies": {
        "@fjrodafo/free-port": "^0.0.1"
      }
    },
    "node_modules/@fjrodafo/free-port": {
      "version": "0.0.1",
      "resolved": "https://registry.npmjs.org/@fjrodafo/free-port/-/free-port-0.0.1.tgz",
      "integrity": "sha512-Ikiwk8ly8j12VGM9n4IFvv9l924sm54J53Wp7c9CSC4c3/e8qSoxtlLYrh2HBtPXOXPXzGffwNzi4gnm1W8HIg=="
    }
  }
}
