{
  "name": "Test",
  "lockfileVersion": 3,
  "requires": true,
  "packages": {
    "": {
      "dependencies": {
        "@fjrodafo/free-port": "^1.0.0"
      }
    },
    "node_modules/@fjrodafo/free-port": {
      "version": "1.0.0",
      "resolved": "https://registry.npmjs.org/@fjrodafo/free-port/-/free-port-1.0.0.tgz",
      "integrity": "sha512-hPckS6k8MOQkFwJifg2pJpzaIDDL6SY6Nu1I+2CqZz3wn1HQ6/fXbDk0tk1DQ3JopvtNXwdHvbsZFaoNtt6gnw=="
    }
  }
}
