{
  "name": "Testing",
  "lockfileVersion": 3,
  "requires": true,
  "packages": {
    "": {
      "dependencies": {
        "@fjrodafo/free-port": "^0.0.3"
      }
    },
    "node_modules/@fjrodafo/free-port": {
      "version": "0.0.3",
      "resolved": "https://registry.npmjs.org/@fjrodafo/free-port/-/free-port-0.0.3.tgz",
      "integrity": "sha512-VEVR7LGm3L2GLcnu36FgCNvNQqtB295SuoPUARteCHK9qUR9fcYQs/5eB/HlbzhfeMaU5YwLk47GTzcOgIQOiA=="
    }
  }
}
