{
  "name": "Testing",
  "lockfileVersion": 3,
  "requires": true,
  "packages": {
    "": {
      "dependencies": {
        "@fjrodafo/free-port": "^0.0.2"
      }
    },
    "node_modules/@fjrodafo/free-port": {
      "version": "0.0.2",
      "resolved": "https://registry.npmjs.org/@fjrodafo/free-port/-/free-port-0.0.2.tgz",
      "integrity": "sha512-xUi9WIkLIcByzlk8PlwbbFnQ722buO6EzBidt0XYpTrqEEtRC2jXsGdomBmpI6U3kZ53Rs9np97IcbDvEPmrtA=="
    }
  }
}
